<?xml version="1.0" encoding="utf-8"?>
<Project ToolsVersion="4.0" xmlns="http://schemas.microsoft.com/developer/msbuild/2003">
  <ItemGroup>
    <Filter Include="Source Files">
      <UniqueIdentifier>{4FC737F1-C7A5-4376-A066-2A32D752A2FF}</UniqueIdentifier>
      <Extensions>cpp;c;cc;cxx;def;odl;idl;hpj;bat;asm;asmx;cu</Extensions>
    </Filter>
    <Filter Include="Header Files">
      <UniqueIdentifier>{93995380-89BD-4b04-88EB-625FBE52EBFB}</UniqueIdentifier>
      <Extensions>h;hh;hpp;hxx;hm;inl;inc;ipp;xsd;cuh</Extensions>
    </Filter>
    <Filter Include="Resource Files">
      <UniqueIdentifier>{67DA6AB6-F800-4c08-8B7A-83BB121AAD01}</UniqueIdentifier>
      <Extensions>rc;ico;cur;bmp;dlg;rc2;rct;bin;rgs;gif;jpg;jpeg;jpe;resx;tiff;tif;png;wav;mfcribbon-ms</Extensions>
    </Filter>
  </ItemGroup>
  <ItemGroup>
    <ClInclude Include="..\..\src\atomic_data_mt.cuh">
      <Filter>Header Files</Filter>
    </ClInclude>
    <ClInclude Include="..\..\src\atomic_fcns_mt.cuh">
      <Filter>Header Files</Filter>
    </ClInclude>
    <ClInclude Include="..\..\src\blas.cuh">
      <Filter>Header Files</Filter>
    </ClInclude>
    <ClInclude Include="..\..\src\box_occ.hpp">
      <Filter>Header Files</Filter>
    </ClInclude>
    <ClInclude Include="..\..\src\cgpu_classes.cuh">
      <Filter>Header Files</Filter>
    </ClInclude>
    <ClInclude Include="..\..\src\cgpu_detail.cuh">
      <Filter>Header Files</Filter>
    </ClInclude>
    <ClInclude Include="..\..\src\cgpu_detail_mt.cuh">
      <Filter>Header Files</Filter>
    </ClInclude>
    <ClInclude Include="..\..\src\cgpu_fcns.cuh">
      <Filter>Header Files</Filter>
    </ClInclude>
    <ClInclude Include="..\..\src\cgpu_fft.cuh">
      <Filter>Header Files</Filter>
    </ClInclude>
    <ClInclude Include="..\..\src\cgpu_info.cuh">
      <Filter>Header Files</Filter>
    </ClInclude>
    <ClInclude Include="..\..\src\cgpu_stream.cuh">
      <Filter>Header Files</Filter>
    </ClInclude>
    <ClInclude Include="..\..\src\cgpu_vctr.cuh">
      <Filter>Header Files</Filter>
    </ClInclude>
    <ClInclude Include="..\..\src\const_enum.cuh">
      <Filter>Header Files</Filter>
    </ClInclude>
    <ClInclude Include="..\..\src\const_enum_mt.cuh">
      <Filter>Header Files</Filter>
    </ClInclude>
    <ClInclude Include="..\..\src\cpu_detail.hpp">
      <Filter>Header Files</Filter>
    </ClInclude>
    <ClInclude Include="..\..\src\cpu_fcns.hpp">
      <Filter>Header Files</Filter>
    </ClInclude>
    <ClInclude Include="..\..\src\cpu_fcns_mt.hpp">
      <Filter>Header Files</Filter>
    </ClInclude>
    <ClInclude Include="..\..\src\energy_loss.cuh">
      <Filter>Header Files</Filter>
    </ClInclude>
    <ClInclude Include="..\..\src\eval_fit_atomic_columns.hpp">
      <Filter>Header Files</Filter>
    </ClInclude>
    <ClInclude Include="..\..\src\eval_fit_atomic_columns_c.hpp">
      <Filter>Header Files</Filter>
    </ClInclude>
    <ClInclude Include="..\..\src\eval_fit_atomic_columns_c_old.hpp">
      <Filter>Header Files</Filter>
    </ClInclude>
    <ClInclude Include="..\..\src\eval_fit_gaussians.hpp">
      <Filter>Header Files</Filter>
    </ClInclude>
    <ClInclude Include="..\..\src\fxeg_data.hpp">
      <Filter>Header Files</Filter>
    </ClInclude>
    <ClInclude Include="..\..\src\gpu_detail.cuh">
      <Filter>Header Files</Filter>
    </ClInclude>
    <ClInclude Include="..\..\src\gpu_detail_mt.cuh">
      <Filter>Header Files</Filter>
    </ClInclude>
    <ClInclude Include="..\..\src\gpu_fcns.cuh">
      <Filter>Header Files</Filter>
    </ClInclude>
    <ClInclude Include="..\..\src\gpu_fcns_mt.cuh">
      <Filter>Header Files</Filter>
    </ClInclude>
    <ClInclude Include="..\..\src\grid.cuh">
      <Filter>Header Files</Filter>
    </ClInclude>
    <ClInclude Include="..\..\..\research\Matlab_code\MEXIVAN\Solution 2D Radial Schrodinger equation\hNumerovMethod.h">
      <Filter>Header Files</Filter>
    </ClInclude>
    <ClInclude Include="..\..\src\igrid.cuh">
      <Filter>Header Files</Filter>
    </ClInclude>
    <ClInclude Include="..\..\src\incident_wave.cuh">
      <Filter>Header Files</Filter>
    </ClInclude>
    <ClInclude Include="..\..\src\kahan_sum.cuh">
      <Filter>Header Files</Filter>
    </ClInclude>
    <ClInclude Include="..\..\src\lapack.hpp">
      <Filter>Header Files</Filter>
    </ClInclude>
    <ClInclude Include="..\..\src\lens.cuh">
      <Filter>Header Files</Filter>
    </ClInclude>
    <ClInclude Include="..\..\src\macros.cuh">
      <Filter>Header Files</Filter>
    </ClInclude>
    <ClInclude Include="..\..\src\math.cuh">
      <Filter>Header Files</Filter>
    </ClInclude>
    <ClInclude Include="..\..\src\matlab_mex.cuh">
      <Filter>Header Files</Filter>
    </ClInclude>
    <ClInclude Include="..\..\src\matlab_multem_io.cuh">
      <Filter>Header Files</Filter>
    </ClInclude>
    <ClInclude Include="..\..\src\memcpy.cuh">
      <Filter>Header Files</Filter>
    </ClInclude>
    <ClInclude Include="..\..\src\microscope_effects.cuh">
      <Filter>Header Files</Filter>
    </ClInclude>
    <ClInclude Include="..\..\src\mx_2x2.cuh">
      <Filter>Header Files</Filter>
    </ClInclude>
    <ClInclude Include="..\..\src\mx_3x3.cuh">
      <Filter>Header Files</Filter>
    </ClInclude>
    <ClInclude Include="..\..\src\output_multem.hpp">
      <Filter>Header Files</Filter>
    </ClInclude>
    <ClInclude Include="..\..\src\particle_fcns.hpp">
      <Filter>Header Files</Filter>
    </ClInclude>
    <ClInclude Include="..\..\src\particles.cuh">
      <Filter>Header Files</Filter>
    </ClInclude>
    <ClInclude Include="..\..\src\peak_finding.cuh">
      <Filter>Header Files</Filter>
    </ClInclude>
    <ClInclude Include="..\..\src\pn_fact.hpp">
      <Filter>Header Files</Filter>
    </ClInclude>
    <ClInclude Include="..\..\src\projected_potential.cuh">
      <Filter>Header Files</Filter>
    </ClInclude>
    <ClInclude Include="..\..\src\propagator.cuh">
      <Filter>Header Files</Filter>
    </ClInclude>
    <ClInclude Include="..\..\src\quad_data.cuh">
      <Filter>Header Files</Filter>
    </ClInclude>
    <ClInclude Include="..\..\src\r_2d.cuh">
      <Filter>Header Files</Filter>
    </ClInclude>
    <ClInclude Include="..\..\src\r_3d.cuh">
      <Filter>Header Files</Filter>
    </ClInclude>
    <ClInclude Include="..\..\src\shape_t.hpp">
      <Filter>Header Files</Filter>
    </ClInclude>
    <ClInclude Include="..\..\src\slicing.hpp">
      <Filter>Header Files</Filter>
    </ClInclude>
    <ClInclude Include="..\..\src\space_group.hpp">
      <Filter>Header Files</Filter>
    </ClInclude>
    <ClInclude Include="..\..\src\spec.hpp">
      <Filter>Header Files</Filter>
    </ClInclude>
    <ClInclude Include="..\..\src\tem_simulation.cuh">
      <Filter>Header Files</Filter>
    </ClInclude>
    <ClInclude Include="..\..\src\timing.cuh">
      <Filter>Header Files</Filter>
    </ClInclude>
    <ClInclude Include="..\..\src\transmission_fcn.cuh">
      <Filter>Header Files</Filter>
    </ClInclude>
    <ClInclude Include="..\..\src\types.cuh">
      <Filter>Header Files</Filter>
    </ClInclude>
    <ClInclude Include="..\..\src\types_mt.cuh">
      <Filter>Header Files</Filter>
    </ClInclude>
    <ClInclude Include="..\..\src\wave_function.cuh">
      <Filter>Header Files</Filter>
    </ClInclude>
    <ClInclude Include="..\..\..\research\Matlab_code\MEXIVAN\Gaussian fit\hSAGaussianFit.h">
      <Filter>Header Files</Filter>
    </ClInclude>
    <ClInclude Include="..\..\..\research\Matlab_code\MEXIVAN\Gaussian Exponential fit\hSAGaussianExpFit.h">
      <Filter>Header Files</Filter>
    </ClInclude>
    <ClInclude Include="..\..\gui_multem\gui_multem.cuh">
      <Filter>Header Files</Filter>
    </ClInclude>
    <ClInclude Include="..\..\src\cpu_fcns_image.hpp">
      <Filter>Header Files</Filter>
    </ClInclude>
    <ClInclude Include="..\..\src\cgpu_fcns_gen.cuh">
      <Filter>Header Files</Filter>
    </ClInclude>
    <ClInclude Include="..\..\src\cgpu_rand.cuh">
      <Filter>Header Files</Filter>
    </ClInclude>
    <ClInclude Include="..\..\src\type_traits_gen.cuh">
      <Filter>Header Files</Filter>
    </ClInclude>
    <ClInclude Include="..\..\src\type_traits_mt.cuh">
      <Filter>Header Files</Filter>
    </ClInclude>
    <ClInclude Include="..\..\src\xtl_build.hpp">
      <Filter>Header Files</Filter>
    </ClInclude>
    <ClInclude Include="..\..\src\range.cuh">
      <Filter>Header Files</Filter>
    </ClInclude>
    <ClInclude Include="..\..\src\region.cuh">
      <Filter>Header Files</Filter>
    </ClInclude>
    <ClInclude Include="..\..\src\border.cuh">
      <Filter>Header Files</Filter>
    </ClInclude>
    <ClInclude Include="..\..\src\cgpu_spt_ptc.cuh">
      <Filter>Header Files</Filter>
    </ClInclude>
    <ClInclude Include="..\..\src\in_classes.cuh">
      <Filter>Header Files</Filter>
    </ClInclude>
    <ClInclude Include="..\..\src\in_classes_mt.cuh">
      <Filter>Header Files</Filter>
    </ClInclude>
    <ClInclude Include="..\..\src\cb_spl_intrpl.hpp">
      <Filter>Header Files</Filter>
    </ClInclude>
    <ClInclude Include="..\..\src\fcns_elem.cuh">
      <Filter>Header Files</Filter>
    </ClInclude>
    <ClInclude Include="..\..\src\fcns_wd.cuh">
      <Filter>Header Files</Filter>
    </ClInclude>
    <ClInclude Include="..\..\src\intrpl_coef.cuh">
      <Filter>Header Files</Filter>
    </ClInclude>
    <ClInclude Include="..\..\src\ithread_rect.cuh">
      <Filter>Header Files</Filter>
    </ClInclude>
    <ClInclude Include="..\..\src\amorp_build.hpp">
      <Filter>Header Files</Filter>
    </ClInclude>
  </ItemGroup>
  <ItemGroup>
    <None Include="main.cu">
      <Filter>Header Files</Filter>
    </None>
  </ItemGroup>
  <ItemGroup>
    <CudaCompile Include="..\..\gui_multem\gui_multem.cu">
      <Filter>Source Files</Filter>
    </CudaCompile>
    <CudaCompile Include="..\..\mex_files_general\ilc_tr_scy_shx_2d.cu">
      <Filter>Source Files</Filter>
    </CudaCompile>
    <CudaCompile Include="..\..\mex_files_general\ilc_at_tr_2d.cu">
      <Filter>Source Files</Filter>
    </CudaCompile>
    <CudaCompile Include="..\..\mex_files_general\ilc_chi2_pcf_2d.cu">
      <Filter>Source Files</Filter>
    </CudaCompile>
    <CudaCompile Include="..\..\mex_files_general\ilc_crt_sft_1d.cu">
      <Filter>Source Files</Filter>
    </CudaCompile>
    <CudaCompile Include="..\..\mex_files_general\ilc_crt_sft_2d.cu">
      <Filter>Source Files</Filter>
    </CudaCompile>
    <CudaCompile Include="..\..\mex_files_general\ilc_crt_sft_2d_br.cu">
      <Filter>Source Files</Filter>
    </CudaCompile>
    <CudaCompile Include="..\..\mex_files_general\ilc_crt_tr_2d.cu">
      <Filter>Source Files</Filter>
    </CudaCompile>
    <CudaCompile Include="..\..\mex_files_general\ilc_data_aug_2d.cu">
      <Filter>Source Files</Filter>
    </CudaCompile>
    <CudaCompile Include="..\..\mex_files_general\ilc_fd_sft_1d.cu">
      <Filter>Source Files</Filter>
    </CudaCompile>
    <CudaCompile Include="..\..\mex_files_general\ilc_fd_sft_2d.cu">
      <Filter>Source Files</Filter>
    </CudaCompile>
    <CudaCompile Include="..\..\mex_files_general\ilc_fd_sft_2d_br.cu">
      <Filter>Source Files</Filter>
    </CudaCompile>
    <CudaCompile Include="..\..\mex_files_general\ilc_fd_tr_2d.cu">
      <Filter>Source Files</Filter>
    </CudaCompile>
    <CudaCompile Include="..\..\mex_files_general\ilc_fd_tr_rot_2d.cu">
      <Filter>Source Files</Filter>
    </CudaCompile>
    <CudaCompile Include="..\..\mex_files_general\ilc_fd_tr_scy_shx_2d.cu">
      <Filter>Source Files</Filter>
    </CudaCompile>
    <CudaCompile Include="..\..\mex_files_general\ilc_fft2_tr_at_2d.cu">
      <Filter>Source Files</Filter>
    </CudaCompile>
    <CudaCompile Include="..\..\mex_files_general\ilc_interp_rn_2d.cu">
      <Filter>Source Files</Filter>
    </CudaCompile>
    <CudaCompile Include="..\..\mex_files_general\ilc_opt_flow.cu">
      <Filter>Source Files</Filter>
    </CudaCompile>
    <CudaCompile Include="..\..\mex_files_general\ilc_pcf_1d.cu">
      <Filter>Source Files</Filter>
    </CudaCompile>
    <CudaCompile Include="..\..\mex_files_general\ilc_pcf_2d.cu">
      <Filter>Source Files</Filter>
    </CudaCompile>
    <CudaCompile Include="..\..\mex_files_general\ilc_pcf_2d_br.cu">
      <Filter>Source Files</Filter>
    </CudaCompile>
    <CudaCompile Include="..\..\mex_files_general\ilc_rot_sca_sft_2d.cu">
      <Filter>Source Files</Filter>
    </CudaCompile>
    <CudaCompile Include="..\..\mex_files_general\ilc_rot_tr_2d.cu">
      <Filter>Source Files</Filter>
    </CudaCompile>
    <CudaCompile Include="..\..\mex_files_general\ilc_rs_2d.cu">
      <Filter>Source Files</Filter>
    </CudaCompile>
    <CudaCompile Include="..\..\mex_files_general\ilc_scy_scx_tr_2d.cu">
      <Filter>Source Files</Filter>
    </CudaCompile>
    <CudaCompile Include="..\..\mex_files_general\ilc_scy_shx_tr_2d.cu">
      <Filter>Source Files</Filter>
    </CudaCompile>
    <CudaCompile Include="..\..\mex_files_general\ilc_sd_2d.cu">
      <Filter>Source Files</Filter>
    </CudaCompile>
    <CudaCompile Include="..\..\mex_files_general\ilc_sd_nr_2d.cu">
      <Filter>Source Files</Filter>
    </CudaCompile>
    <CudaCompile Include="..\..\mex_files_general\ilc_sd_r_2d.cu">
      <Filter>Source Files</Filter>
    </CudaCompile>
    <CudaCompile Include="..\..\mex_files_general\ilc_sft_1d.cu">
      <Filter>Source Files</Filter>
    </CudaCompile>
    <CudaCompile Include="..\..\mex_files_general\ilc_sft_2d.cu">
      <Filter>Source Files</Filter>
    </CudaCompile>
    <CudaCompile Include="..\..\mex_files_general\ilc_sft_2d_br.cu">
      <Filter>Source Files</Filter>
    </CudaCompile>
    <CudaCompile Include="..\..\mex_files_general\ilc_spt_gauss_3d.cu">
      <Filter>Source Files</Filter>
    </CudaCompile>
    <CudaCompile Include="..\..\mex_files_general\ilc_tr_2d.cu">
      <Filter>Source Files</Filter>
    </CudaCompile>
    <CudaCompile Include="..\..\mex_files_general\ilc_tr_at_2d.cu">
      <Filter>Source Files</Filter>
    </CudaCompile>
    <CudaCompile Include="..\..\mex_files_general\ilc_tr_rot_2d.cu">
      <Filter>Source Files</Filter>
    </CudaCompile>
    <CudaCompile Include="..\..\mex_files_general\ilc_tr_scy_scx_2d.cu">
      <Filter>Source Files</Filter>
    </CudaCompile>
    <CudaCompile Include="..\..\mex_files_multem\ilc_wave_function.cu">
      <Filter>Source Files</Filter>
    </CudaCompile>
    <CudaCompile Include="..\..\mex_files_multem\ilc_incident_wave.cu">
      <Filter>Source Files</Filter>
    </CudaCompile>
    <CudaCompile Include="..\..\mex_files_multem\ilc_microscope_aberrations.cu">
      <Filter>Source Files</Filter>
    </CudaCompile>
    <CudaCompile Include="..\..\mex_files_multem\ilc_multem.cu">
      <Filter>Source Files</Filter>
    </CudaCompile>
    <CudaCompile Include="..\..\mex_files_multem\ilc_projected_potential.cu">
      <Filter>Source Files</Filter>
    </CudaCompile>
    <CudaCompile Include="..\..\mex_files_multem\ilc_propagate.cu">
      <Filter>Source Files</Filter>
    </CudaCompile>
    <CudaCompile Include="..\..\mex_files_multem\ilc_transmission_fcn.cu">
      <Filter>Source Files</Filter>
    </CudaCompile>
    <CudaCompile Include="..\..\mex_files_general\ilc_cv_gauss.cu">
      <Filter>Source Files</Filter>
    </CudaCompile>
    <CudaCompile Include="..\..\mex_files_general\ilc_dcv_gauss.cu">
      <Filter>Source Files</Filter>
    </CudaCompile>
    <CudaCompile Include="..\..\mex_files_general\ilc_wd_butwth.cu">
      <Filter>Source Files</Filter>
    </CudaCompile>
    <CudaCompile Include="..\..\mex_files_general\ilc_spt_gauss_2d.cu">
      <Filter>Source Files</Filter>
    </CudaCompile>
    <CudaCompile Include="..\..\..\research\Matlab_code\MEXIVAN\Gaussian Exponential fit\get_Gaussians_Exp_fit.cpp">
      <Filter>Source Files</Filter>
    </CudaCompile>
    <CudaCompile Include="..\..\..\research\Matlab_code\MEXIVAN\Gaussian fit\get_Gaussians_fit.cpp">
      <Filter>Source Files</Filter>
    </CudaCompile>
    <CudaCompile Include="..\..\..\research\Matlab_code\MEXIVAN\Solution 2D Radial Schrodinger equation\getSol2DRadSchEqu.cpp">
      <Filter>Source Files</Filter>
    </CudaCompile>
    <CudaCompile Include="..\..\..\research\Matlab_code\MEXIVAN\Solution 2D Radial Schrodinger equation\hNumerovMethod.cpp">
      <Filter>Source Files</Filter>
    </CudaCompile>
    <CudaCompile Include="..\..\mex_files_general\ilc_add_gauss_nois.cpp">
      <Filter>Source Files</Filter>
    </CudaCompile>
    <CudaCompile Include="..\..\mex_files_general\ilc_add_pbdr.cpp">
      <Filter>Source Files</Filter>
    </CudaCompile>
    <CudaCompile Include="..\..\mex_files_general\ilc_add_poiss_nois.cpp">
      <Filter>Source Files</Filter>
    </CudaCompile>
    <CudaCompile Include="..\..\mex_files_general\ilc_add_unif_nois.cpp">
      <Filter>Source Files</Filter>
    </CudaCompile>
    <CudaCompile Include="..\..\mex_files_general\ilc_anscombe.cpp">
      <Filter>Source Files</Filter>
    </CudaCompile>
    <CudaCompile Include="..\..\mex_files_general\ilc_anscombe_inv.cpp">
      <Filter>Source Files</Filter>
    </CudaCompile>
    <CudaCompile Include="..\..\mex_files_general\ilc_binarize.cpp">
      <Filter>Source Files</Filter>
    </CudaCompile>
    <CudaCompile Include="..\..\mex_files_general\ilc_cb_spl_intrpl.cpp">
      <Filter>Source Files</Filter>
    </CudaCompile>
    <CudaCompile Include="..\..\mex_files_general\ilc_eval_2_gauss_pac.cpp">
      <Filter>Source Files</Filter>
    </CudaCompile>
    <CudaCompile Include="..\..\mex_files_general\ilc_eval_atomic_columns.cpp">
      <Filter>Source Files</Filter>
    </CudaCompile>
    <CudaCompile Include="..\..\mex_files_general\ilc_eval_ellipt_gauss_2d.cpp">
      <Filter>Source Files</Filter>
    </CudaCompile>
    <CudaCompile Include="..\..\mex_files_general\ilc_eval_gauss_1p_pac.cpp">
      <Filter>Source Files</Filter>
    </CudaCompile>
    <CudaCompile Include="..\..\mex_files_general\ilc_fd_peaks.cpp">
      <Filter>Source Files</Filter>
    </CudaCompile>
    <CudaCompile Include="..\..\mex_files_general\ilc_fd_peaks_2d.cpp">
      <Filter>Source Files</Filter>
    </CudaCompile>
    <CudaCompile Include="..\..\mex_files_general\ilc_fit_2_gauss_pac.cpp">
      <Filter>Source Files</Filter>
    </CudaCompile>
    <CudaCompile Include="..\..\mex_files_general\ilc_fit_atomic_columns.cpp">
      <Filter>Source Files</Filter>
    </CudaCompile>
    <CudaCompile Include="..\..\mex_files_general\ilc_fit_atomic_columns_c.cpp">
      <Filter>Source Files</Filter>
    </CudaCompile>
    <CudaCompile Include="..\..\mex_files_general\ilc_fit_ellipt_gauss_2d.cpp">
      <Filter>Source Files</Filter>
    </CudaCompile>
    <CudaCompile Include="..\..\mex_files_general\ilc_fit_gauss_1d.cpp">
      <Filter>Source Files</Filter>
    </CudaCompile>
    <CudaCompile Include="..\..\mex_files_general\ilc_fit_gauss_1p_pac.cpp">
      <Filter>Source Files</Filter>
    </CudaCompile>
    <CudaCompile Include="..\..\mex_files_general\ilc_fit_peak_pos_2d.cpp">
      <Filter>Source Files</Filter>
    </CudaCompile>
    <CudaCompile Include="..\..\mex_files_general\ilc_fit_peaks_iter.cpp">
      <Filter>Source Files</Filter>
    </CudaCompile>
    <CudaCompile Include="..\..\mex_files_general\ilc_fltr_mean.cpp">
      <Filter>Source Files</Filter>
    </CudaCompile>
    <CudaCompile Include="..\..\mex_files_general\ilc_fltr_median.cpp">
      <Filter>Source Files</Filter>
    </CudaCompile>
    <CudaCompile Include="..\..\mex_files_general\ilc_fltr_median_bc.cpp">
      <Filter>Source Files</Filter>
    </CudaCompile>
    <CudaCompile Include="..\..\mex_files_general\ilc_fltr_median_pos.cpp">
      <Filter>Source Files</Filter>
    </CudaCompile>
    <CudaCompile Include="..\..\mex_files_general\ilc_fltr_poiss_nois.cpp">
      <Filter>Source Files</Filter>
    </CudaCompile>
    <CudaCompile Include="..\..\mex_files_general\ilc_fltr_poiss_nois_bc.cpp">
      <Filter>Source Files</Filter>
    </CudaCompile>
    <CudaCompile Include="..\..\mex_files_general\ilc_fltr_wiener.cpp">
      <Filter>Source Files</Filter>
    </CudaCompile>
    <CudaCompile Include="..\..\mex_files_general\ilc_fltr_wiener_bc.cpp">
      <Filter>Source Files</Filter>
    </CudaCompile>
    <CudaCompile Include="..\..\mex_files_general\ilc_hist.cpp">
      <Filter>Source Files</Filter>
    </CudaCompile>
    <CudaCompile Include="..\..\mex_files_general\ilc_info_lim_2d.cpp">
      <Filter>Source Files</Filter>
    </CudaCompile>
    <CudaCompile Include="..\..\mex_files_general\ilc_interp_profilc_e.cpp">
      <Filter>Source Files</Filter>
    </CudaCompile>
    <CudaCompile Include="..\..\mex_files_general\ilc_match_vectors.cpp">
      <Filter>Source Files</Filter>
    </CudaCompile>
    <CudaCompile Include="..\..\mex_files_general\ilc_morp_op_close.cpp">
      <Filter>Source Files</Filter>
    </CudaCompile>
    <CudaCompile Include="..\..\mex_files_general\ilc_morp_op_dilate.cpp">
      <Filter>Source Files</Filter>
    </CudaCompile>
    <CudaCompile Include="..\..\mex_files_general\ilc_morp_op_erode.cpp">
      <Filter>Source Files</Filter>
    </CudaCompile>
    <CudaCompile Include="..\..\mex_files_general\ilc_morp_op_open.cpp">
      <Filter>Source Files</Filter>
    </CudaCompile>
    <CudaCompile Include="..\..\mex_files_general\ilc_morp_op_tophat.cpp">
      <Filter>Source Files</Filter>
    </CudaCompile>
    <CudaCompile Include="..\..\mex_files_general\ilc_neigh_2d.cpp">
      <Filter>Source Files</Filter>
    </CudaCompile>
    <CudaCompile Include="..\..\mex_files_general\ilc_otsu_thr.cpp">
      <Filter>Source Files</Filter>
    </CudaCompile>
    <CudaCompile Include="..\..\mex_files_general\ilc_pn_fact.cpp">
      <Filter>Source Files</Filter>
    </CudaCompile>
    <CudaCompile Include="..\..\mex_files_general\ilc_proj_im.cpp">
      <Filter>Source Files</Filter>
    </CudaCompile>
    <CudaCompile Include="..\..\mex_files_general\ilc_psd.cpp">
      <Filter>Source Files</Filter>
    </CudaCompile>
    <CudaCompile Include="..\..\mex_files_general\ilc_quad_coef.cpp">
      <Filter>Source Files</Filter>
    </CudaCompile>
    <CudaCompile Include="..\..\mex_files_general\ilc_rad_dist.cpp">
      <Filter>Source Files</Filter>
    </CudaCompile>
    <CudaCompile Include="..\..\mex_files_general\ilc_rad_dist_2d.cpp">
      <Filter>Source Files</Filter>
    </CudaCompile>
    <CudaCompile Include="..\..\mex_files_general\ilc_repl_bdr.cpp">
      <Filter>Source Files</Filter>
    </CudaCompile>
    <CudaCompile Include="..\..\mex_files_general\ilc_snr.cpp">
      <Filter>Source Files</Filter>
    </CudaCompile>
    <CudaCompile Include="..\..\mex_files_general\ilc_snr_poiss_nois.cpp">
      <Filter>Source Files</Filter>
    </CudaCompile>
    <CudaCompile Include="..\..\mex_files_general\ilc_uniq_vctr.cpp">
      <Filter>Source Files</Filter>
    </CudaCompile>
    <CudaCompile Include="..\..\mex_files_general\ilc_xy_2_repl_xym.cpp">
      <Filter>Source Files</Filter>
    </CudaCompile>
    <CudaCompile Include="..\..\mex_files_general\ilc_xy_2_xyc.cpp">
      <Filter>Source Files</Filter>
    </CudaCompile>
    <CudaCompile Include="..\..\mex_files_general\ilc_xy_match_one_2_one.cpp">
      <Filter>Source Files</Filter>
    </CudaCompile>
    <CudaCompile Include="..\..\mex_files_multem\ilc_atomic_info.cpp">
      <Filter>Source Files</Filter>
    </CudaCompile>
    <CudaCompile Include="..\..\mex_files_multem\ilc_atomic_radius.cpp">
      <Filter>Source Files</Filter>
    </CudaCompile>
    <CudaCompile Include="..\..\mex_files_multem\ilc_det_min_spl.cpp">
      <Filter>Source Files</Filter>
    </CudaCompile>
    <CudaCompile Include="..\..\mex_files_multem\ilc_e_interact_parm_kva.cpp">
      <Filter>Source Files</Filter>
    </CudaCompile>
    <CudaCompile Include="..\..\mex_files_multem\ilc_feg.cpp">
      <Filter>Source Files</Filter>
    </CudaCompile>
    <CudaCompile Include="..\..\mex_files_multem\ilc_feg_parm_coef.cpp">
      <Filter>Source Files</Filter>
    </CudaCompile>
    <CudaCompile Include="..\..\mex_files_multem\ilc_fwhm_2_sigma.cpp">
      <Filter>Source Files</Filter>
    </CudaCompile>
    <CudaCompile Include="..\..\mex_files_multem\ilc_fxeg_data.cpp">
      <Filter>Source Files</Filter>
    </CudaCompile>
    <CudaCompile Include="..\..\mex_files_multem\ilc_fxg.cpp">
      <Filter>Source Files</Filter>
    </CudaCompile>
    <CudaCompile Include="..\..\mex_files_multem\ilc_g_max.cpp">
      <Filter>Source Files</Filter>
    </CudaCompile>
    <CudaCompile Include="..\..\mex_files_multem\ilc_gamma.cpp">
      <Filter>Source Files</Filter>
    </CudaCompile>
    <CudaCompile Include="..\..\mex_files_multem\ilc_hwhm_2_sigma.cpp">
      <Filter>Source Files</Filter>
    </CudaCompile>
    <CudaCompile Include="..\..\mex_files_multem\ilc_iehwgd_2_sigma.cpp">
      <Filter>Source Files</Filter>
    </CudaCompile>
    <CudaCompile Include="..\..\mex_files_multem\ilc_lambda.cpp">
      <Filter>Source Files</Filter>
    </CudaCompile>
    <CudaCompile Include="..\..\mex_files_multem\ilc_max_dist.cpp">
      <Filter>Source Files</Filter>
    </CudaCompile>
    <CudaCompile Include="..\..\mex_files_multem\ilc_min_dist.cpp">
      <Filter>Source Files</Filter>
    </CudaCompile>
    <CudaCompile Include="..\..\mex_files_multem\ilc_mrad_2_rangs.cpp">
      <Filter>Source Files</Filter>
    </CudaCompile>
    <CudaCompile Include="..\..\mex_files_multem\ilc_mrad_2_sigma.cpp">
      <Filter>Source Files</Filter>
    </CudaCompile>
    <CudaCompile Include="..\..\mex_files_multem\ilc_pr.cpp">
      <Filter>Source Files</Filter>
    </CudaCompile>
    <CudaCompile Include="..\..\mex_files_multem\ilc_rangs_2_mrad.cpp">
      <Filter>Source Files</Filter>
    </CudaCompile>
    <CudaCompile Include="..\..\mex_files_multem\ilc_rdf.cpp">
      <Filter>Source Files</Filter>
    </CudaCompile>
    <CudaCompile Include="..\..\mex_files_multem\ilc_scherzer_aperture.cpp">
      <Filter>Source Files</Filter>
    </CudaCompile>
    <CudaCompile Include="..\..\mex_files_multem\ilc_scherzer_defocus.cpp">
      <Filter>Source Files</Filter>
    </CudaCompile>
    <CudaCompile Include="..\..\mex_files_multem\ilc_spec_planes.cpp">
      <Filter>Source Files</Filter>
    </CudaCompile>
    <CudaCompile Include="..\..\mex_files_multem\ilc_spec_rot.cpp">
      <Filter>Source Files</Filter>
    </CudaCompile>
    <CudaCompile Include="..\..\mex_files_multem\ilc_spec_slicing.cpp">
      <Filter>Source Files</Filter>
    </CudaCompile>
    <CudaCompile Include="..\..\mex_files_multem\ilc_transf_exp_factor.cpp">
      <Filter>Source Files</Filter>
    </CudaCompile>
    <CudaCompile Include="..\..\mex_files_multem\ilc_vr.cpp">
      <Filter>Source Files</Filter>
    </CudaCompile>
    <CudaCompile Include="..\..\mex_files_multem\ilc_vz.cpp">
      <Filter>Source Files</Filter>
    </CudaCompile>
    <CudaCompile Include="..\..\mex_files_multem\ilc_vzp.cpp">
      <Filter>Source Files</Filter>
    </CudaCompile>
    <CudaCompile Include="..\..\mex_files_multem\ilc_xtl_build.cpp">
      <Filter>Source Files</Filter>
    </CudaCompile>
    <CudaCompile Include="..\..\mex_files_multem\ilc_xtl_build_base.cpp">
      <Filter>Source Files</Filter>
    </CudaCompile>
    <CudaCompile Include="..\..\mex_files_multem\ilc_xtl_csn_2_sgr.cpp">
      <Filter>Source Files</Filter>
    </CudaCompile>
    <CudaCompile Include="..\..\mex_files_multem\ilc_xtl_css_2_csn.cpp">
      <Filter>Source Files</Filter>
    </CudaCompile>
    <CudaCompile Include="..\..\mex_files_multem\ilc_xtl_css_2_sgr.cpp">
      <Filter>Source Files</Filter>
    </CudaCompile>
    <CudaCompile Include="..\..\mex_files_multem\ilc_xtl_sgn_2_csn.cpp">
      <Filter>Source Files</Filter>
    </CudaCompile>
    <CudaCompile Include="..\..\mex_files_test\ilc_eiger_min.cpp">
      <Filter>Source Files</Filter>
    </CudaCompile>
    <CudaCompile Include="..\..\mex_files_test\ilc_test_crop_shift.cpp">
      <Filter>Source Files</Filter>
    </CudaCompile>
    <CudaCompile Include="..\..\mex_files_test\ilc_test_fft.cpp">
      <Filter>Source Files</Filter>
    </CudaCompile>
    <CudaCompile Include="..\..\mex_files_test\ilc_test_flsf.cpp">
      <Filter>Source Files</Filter>
    </CudaCompile>
    <CudaCompile Include="..\..\mex_files_test\ilc_test_gels.cpp">
      <Filter>Source Files</Filter>
    </CudaCompile>
    <CudaCompile Include="..\..\mex_files_test\ilc_test_gelsd.cpp">
      <Filter>Source Files</Filter>
    </CudaCompile>
    <CudaCompile Include="..\..\mex_files_test\ilc_test_gesv.cpp">
      <Filter>Source Files</Filter>
    </CudaCompile>
    <CudaCompile Include="..\..\mex_files_test\ilc_test_igrid.cpp">
      <Filter>Source Files</Filter>
    </CudaCompile>
    <CudaCompile Include="..\..\mex_files_test\ilc_test_particles.cpp">
      <Filter>Source Files</Filter>
    </CudaCompile>
    <CudaCompile Include="..\..\mex_files_test\ilc_test_shape.cpp">
      <Filter>Source Files</Filter>
    </CudaCompile>
    <CudaCompile Include="..\..\mex_files_test\ilc_test_traits.cpp">
      <Filter>Source Files</Filter>
    </CudaCompile>
    <CudaCompile Include="..\..\mex_files_test\ilc_test_wd_fcns.cpp">
      <Filter>Source Files</Filter>
    </CudaCompile>
    <CudaCompile Include="..\..\mex_files_test\ilc_test_atomic_data.cu">
      <Filter>Source Files</Filter>
    </CudaCompile>
    <CudaCompile Include="..\..\mex_files_test\ilc_test_atomic_fcns.cu">
      <Filter>Source Files</Filter>
    </CudaCompile>
    <CudaCompile Include="..\..\mex_files_test\ilc_test_cgpu_rand.cu">
      <Filter>Source Files</Filter>
    </CudaCompile>
    <CudaCompile Include="..\..\mex_files_test\ilc_test_cgpu_vctr.cu">
      <Filter>Source Files</Filter>
    </CudaCompile>
    <CudaCompile Include="..\..\mex_files_test\ilc_test_cos_tapering.cu">
      <Filter>Source Files</Filter>
    </CudaCompile>
    <CudaCompile Include="..\..\mex_files_test\ilc_test_detector_int.cu">
      <Filter>Source Files</Filter>
    </CudaCompile>
    <CudaCompile Include="..\..\mex_files_test\ilc_test_fft2d_batch_comparison.cu">
      <Filter>Source Files</Filter>
    </CudaCompile>
    <CudaCompile Include="..\..\mex_files_test\ilc_test_functor.cu">
      <Filter>Source Files</Filter>
    </CudaCompile>
    <CudaCompile Include="..\..\mex_files_test\ilc_test_grid_1d.cu">
      <Filter>Source Files</Filter>
    </CudaCompile>
    <CudaCompile Include="..\..\mex_files_test\ilc_test_grid_2d.cu">
      <Filter>Source Files</Filter>
    </CudaCompile>
    <CudaCompile Include="..\..\mex_files_test\ilc_test_grid_3d.cu">
      <Filter>Source Files</Filter>
    </CudaCompile>
    <CudaCompile Include="..\..\mex_files_test\ilc_test_lens.cu">
      <Filter>Source Files</Filter>
    </CudaCompile>
    <CudaCompile Include="..\..\mex_files_test\ilc_test_matlab_types.cu">
      <Filter>Source Files</Filter>
    </CudaCompile>
    <CudaCompile Include="..\..\mex_files_test\ilc_test_mx_2x2.cu">
      <Filter>Source Files</Filter>
    </CudaCompile>
    <CudaCompile Include="..\..\mex_files_test\ilc_test_mx_3x3.cu">
      <Filter>Source Files</Filter>
    </CudaCompile>
    <CudaCompile Include="..\..\mex_files_test\ilc_test_polar.cu">
      <Filter>Source Files</Filter>
    </CudaCompile>
    <CudaCompile Include="..\..\mex_files_test\ilc_test_quadrature.cu">
      <Filter>Source Files</Filter>
    </CudaCompile>
    <CudaCompile Include="..\..\mex_files_test\ilc_test_r_2d.cu">
      <Filter>Source Files</Filter>
    </CudaCompile>
    <CudaCompile Include="..\..\mex_files_test\ilc_test_r_3d.cu">
      <Filter>Source Files</Filter>
    </CudaCompile>
    <CudaCompile Include="..\..\mex_files_test\ilc_test_trs_2d.cu">
      <Filter>Source Files</Filter>
    </CudaCompile>
    <CudaCompile Include="..\..\mex_files_test\ilc_test_vctr_fcns.cu">
      <Filter>Source Files</Filter>
    </CudaCompile>
    <CudaCompile Include="..\..\mex_files_general\ilc_wd_exp.cu">
      <Filter>Source Files</Filter>
    </CudaCompile>
    <CudaCompile Include="..\..\mex_files_general\ilc_wd_fermi.cu">
      <Filter>Source Files</Filter>
    </CudaCompile>
    <CudaCompile Include="..\..\mex_files_general\ilc_wd_gauss.cu">
      <Filter>Source Files</Filter>
    </CudaCompile>
    <CudaCompile Include="..\..\mex_files_general\ilc_wd_hann.cu">
      <Filter>Source Files</Filter>
    </CudaCompile>
    <CudaCompile Include="..\..\mex_files_general\ilc_grad.cu">
      <Filter>Source Files</Filter>
    </CudaCompile>
    <CudaCompile Include="..\..\mex_files_multem\ilc_amorp_build.cpp">
      <Filter>Source Files</Filter>
    </CudaCompile>
    <CudaCompile Include="..\..\mex_files_multem\ilc_amorp_lay_add.cpp">
      <Filter>Source Files</Filter>
    </CudaCompile>
  </ItemGroup>
</Project>